<?xml version="1.0" encoding="UTF-8" standalone="yes" ?>
<CodeBlocks_project_file>
	<FileVersion major="1" minor="6" />
	<Project>
		<Option title="CardBluffClient" />
		<Option pch_mode="2" />
		<Option compiler="gcc" />
		<Build>
			<Target title="Debug">
				<Option output="bin/Debug/CardBluffClient" prefix_auto="1" extension_auto="1" />
				<Option object_output="obj/Debug/" />
				<Option type="1" />
				<Option compiler="gcc" />
				<Compiler>
					<Add option="-g" />
				</Compiler>
			</Target>
			<Target title="Release">
				<Option output="bin/Release/CardBluffClient" prefix_auto="1" extension_auto="1" />
				<Option object_output="obj/Release/" />
				<Option type="1" />
				<Option compiler="gcc" />
				<Compiler>
					<Add option="-O2" />
				</Compiler>
				<Linker>
					<Add option="-s" />
				</Linker>
			</Target>
		</Build>
		<Compiler>
			<Add option="-std=c++11" />
			<Add option="-Wall" />
			<Add option="-fexceptions" />
			<Add option="-ffunction-sections" />
			<Add option="-fdata-sections" />
			<Add option="-U__STRICT_ANSI__" />
			<Add directory="ncurses/include" />
		</Compiler>
		<Linker>
			<Add option="-lws2_32" />
			<Add option="-gc-sections" />
			<Add library="pdcurses\wincon\pdcurses.a" />
		</Linker>
		<Unit filename="main.cpp" />
		<Unit filename="sha256/sha256.cpp" />
		<Unit filename="text_io.cpp" />
		<Unit filename="text_io.h" />
		<Unit filename="util/lambda_to_func.h" />
		<Unit filename="util/strlcpy.cpp" />
		<Unit filename="util/strlcpy.h" />
		<Unit filename="util/unicode.cpp" />
		<Unit filename="util/unicode.h" />
		<Extensions>
			<code_completion />
			<envvars />
			<debugger />
		</Extensions>
	</Project>
</CodeBlocks_project_file>
